
Microsoft Visual Studio Solution File, Format Version 12.00
# Visual Studio Version 17
VisualStudioVersion = 17.7.34024.191
MinimumVisualStudioVersion = 10.0.40219.1
Project("{8BC9CEB8-8B4A-11D0-8D11-00A0C91BC942}") = "mni_lib", "proj\mni_lib.vcxproj", "{B5F219C4-33E5-4A64-9E7B-F4430A2276B9}"
EndProject
Project("{8BC9CEB8-8B4A-11D0-8D11-00A0C91BC942}") = "mni_dll", "proj\mni_dll.vcxproj", "{32BFF794-E600-4B9B-9C47-F95D8594BDCA}"
EndProject
Project("{8BC9CEB8-8B4A-11D0-8D11-00A0C91BC942}") = "demo_c", "examples\demo_c\demo_c.vcxproj", "{AFD8EB0A-E047-4663-BC34-C49149EF3CE6}"
	ProjectSection(ProjectDependencies) = postProject
		{B5F219C4-33E5-4A64-9E7B-F4430A2276B9} = {B5F219C4-33E5-4A64-9E7B-F4430A2276B9}
	EndProjectSection
EndProject
Project("{8BC9CEB8-8B4A-11D0-8D11-00A0C91BC942}") = "mni_lib_cpp", "proj\mni_lib_cpp.vcxproj", "{5A979E7C-2FDE-4417-B028-49131FB3735D}"
	ProjectSection(ProjectDependencies) = postProject
		{B5F219C4-33E5-4A64-9E7B-F4430A2276B9} = {B5F219C4-33E5-4A64-9E7B-F4430A2276B9}
	EndProjectSection
EndProject
Project("{8BC9CEB8-8B4A-11D0-8D11-00A0C91BC942}") = "demo_cpp", "examples\demo_cpp\demo_cpp.vcxproj", "{76B8BFD7-8B86-446F-9572-536A6BCA9A99}"
	ProjectSection(ProjectDependencies) = postProject
		{5A979E7C-2FDE-4417-B028-49131FB3735D} = {5A979E7C-2FDE-4417-B028-49131FB3735D}
	EndProjectSection
EndProject
Project("{8BC9CEB8-8B4A-11D0-8D11-00A0C91BC942}") = "mni_lib_mt", "proj\mni_lib_mt.vcxproj", "{5A79006B-3E18-45EF-929F-BB3311A88EF0}"
EndProject
Project("{8BC9CEB8-8B4A-11D0-8D11-00A0C91BC942}") = "mni_lib_mt_cpp", "proj\mni_lib_mt_cpp.vcxproj", "{A789C5BE-1F60-4BBE-9308-F90FD1160812}"
	ProjectSection(ProjectDependencies) = postProject
		{5A79006B-3E18-45EF-929F-BB3311A88EF0} = {5A79006B-3E18-45EF-929F-BB3311A88EF0}
	EndProjectSection
EndProject
Project("{2150E333-8FDC-42A3-9474-1A3956D46DE8}") = "cpp", "cpp", "{1F6D3D2B-5F95-485B-AE8D-2232FE564E24}"
EndProject
Project("{2150E333-8FDC-42A3-9474-1A3956D46DE8}") = "demo", "demo", "{04CB5824-3883-4033-86AC-354E0DE741A9}"
EndProject
Project("{8BC9CEB8-8B4A-11D0-8D11-00A0C91BC942}") = "mni_dll_cpp", "proj\mni_dll_cpp.vcxproj", "{CC79DFA7-54D8-4EF6-AA5F-8CE86674EAA5}"
EndProject
Global
	GlobalSection(SolutionConfigurationPlatforms) = preSolution
		Debug|x64 = Debug|x64
		Debug|x86 = Debug|x86
		Release|x64 = Release|x64
		Release|x86 = Release|x86
	EndGlobalSection
	GlobalSection(ProjectConfigurationPlatforms) = postSolution
		{B5F219C4-33E5-4A64-9E7B-F4430A2276B9}.Debug|x64.ActiveCfg = Debug|x64
		{B5F219C4-33E5-4A64-9E7B-F4430A2276B9}.Debug|x64.Build.0 = Debug|x64
		{B5F219C4-33E5-4A64-9E7B-F4430A2276B9}.Debug|x86.ActiveCfg = Debug|Win32
		{B5F219C4-33E5-4A64-9E7B-F4430A2276B9}.Debug|x86.Build.0 = Debug|Win32
		{B5F219C4-33E5-4A64-9E7B-F4430A2276B9}.Release|x64.ActiveCfg = Release|x64
		{B5F219C4-33E5-4A64-9E7B-F4430A2276B9}.Release|x64.Build.0 = Release|x64
		{B5F219C4-33E5-4A64-9E7B-F4430A2276B9}.Release|x86.ActiveCfg = Release|Win32
		{B5F219C4-33E5-4A64-9E7B-F4430A2276B9}.Release|x86.Build.0 = Release|Win32
		{32BFF794-E600-4B9B-9C47-F95D8594BDCA}.Debug|x64.ActiveCfg = Debug|x64
		{32BFF794-E600-4B9B-9C47-F95D8594BDCA}.Debug|x64.Build.0 = Debug|x64
		{32BFF794-E600-4B9B-9C47-F95D8594BDCA}.Debug|x86.ActiveCfg = Debug|Win32
		{32BFF794-E600-4B9B-9C47-F95D8594BDCA}.Debug|x86.Build.0 = Debug|Win32
		{32BFF794-E600-4B9B-9C47-F95D8594BDCA}.Release|x64.ActiveCfg = Release|x64
		{32BFF794-E600-4B9B-9C47-F95D8594BDCA}.Release|x64.Build.0 = Release|x64
		{32BFF794-E600-4B9B-9C47-F95D8594BDCA}.Release|x86.ActiveCfg = Release|Win32
		{32BFF794-E600-4B9B-9C47-F95D8594BDCA}.Release|x86.Build.0 = Release|Win32
		{AFD8EB0A-E047-4663-BC34-C49149EF3CE6}.Debug|x64.ActiveCfg = Debug|x64
		{AFD8EB0A-E047-4663-BC34-C49149EF3CE6}.Debug|x64.Build.0 = Debug|x64
		{AFD8EB0A-E047-4663-BC34-C49149EF3CE6}.Debug|x86.ActiveCfg = Debug|Win32
		{AFD8EB0A-E047-4663-BC34-C49149EF3CE6}.Debug|x86.Build.0 = Debug|Win32
		{AFD8EB0A-E047-4663-BC34-C49149EF3CE6}.Release|x64.ActiveCfg = Release|x64
		{AFD8EB0A-E047-4663-BC34-C49149EF3CE6}.Release|x64.Build.0 = Release|x64
		{AFD8EB0A-E047-4663-BC34-C49149EF3CE6}.Release|x86.ActiveCfg = Release|Win32
		{AFD8EB0A-E047-4663-BC34-C49149EF3CE6}.Release|x86.Build.0 = Release|Win32
		{5A979E7C-2FDE-4417-B028-49131FB3735D}.Debug|x64.ActiveCfg = Debug|x64
		{5A979E7C-2FDE-4417-B028-49131FB3735D}.Debug|x64.Build.0 = Debug|x64
		{5A979E7C-2FDE-4417-B028-49131FB3735D}.Debug|x86.ActiveCfg = Debug|Win32
		{5A979E7C-2FDE-4417-B028-49131FB3735D}.Debug|x86.Build.0 = Debug|Win32
		{5A979E7C-2FDE-4417-B028-49131FB3735D}.Release|x64.ActiveCfg = Release|x64
		{5A979E7C-2FDE-4417-B028-49131FB3735D}.Release|x64.Build.0 = Release|x64
		{5A979E7C-2FDE-4417-B028-49131FB3735D}.Release|x86.ActiveCfg = Release|Win32
		{5A979E7C-2FDE-4417-B028-49131FB3735D}.Release|x86.Build.0 = Release|Win32
		{76B8BFD7-8B86-446F-9572-536A6BCA9A99}.Debug|x64.ActiveCfg = Debug|x64
		{76B8BFD7-8B86-446F-9572-536A6BCA9A99}.Debug|x64.Build.0 = Debug|x64
		{76B8BFD7-8B86-446F-9572-536A6BCA9A99}.Debug|x86.ActiveCfg = Debug|Win32
		{76B8BFD7-8B86-446F-9572-536A6BCA9A99}.Debug|x86.Build.0 = Debug|Win32
		{76B8BFD7-8B86-446F-9572-536A6BCA9A99}.Release|x64.ActiveCfg = Release|x64
		{76B8BFD7-8B86-446F-9572-536A6BCA9A99}.Release|x64.Build.0 = Release|x64
		{76B8BFD7-8B86-446F-9572-536A6BCA9A99}.Release|x86.ActiveCfg = Release|Win32
		{76B8BFD7-8B86-446F-9572-536A6BCA9A99}.Release|x86.Build.0 = Release|Win32
		{5A79006B-3E18-45EF-929F-BB3311A88EF0}.Debug|x64.ActiveCfg = Debug|x64
		{5A79006B-3E18-45EF-929F-BB3311A88EF0}.Debug|x64.Build.0 = Debug|x64
		{5A79006B-3E18-45EF-929F-BB3311A88EF0}.Debug|x86.ActiveCfg = Debug|Win32
		{5A79006B-3E18-45EF-929F-BB3311A88EF0}.Debug|x86.Build.0 = Debug|Win32
		{5A79006B-3E18-45EF-929F-BB3311A88EF0}.Release|x64.ActiveCfg = Release|x64
		{5A79006B-3E18-45EF-929F-BB3311A88EF0}.Release|x64.Build.0 = Release|x64
		{5A79006B-3E18-45EF-929F-BB3311A88EF0}.Release|x86.ActiveCfg = Release|Win32
		{5A79006B-3E18-45EF-929F-BB3311A88EF0}.Release|x86.Build.0 = Release|Win32
		{A789C5BE-1F60-4BBE-9308-F90FD1160812}.Debug|x64.ActiveCfg = Debug|x64
		{A789C5BE-1F60-4BBE-9308-F90FD1160812}.Debug|x64.Build.0 = Debug|x64
		{A789C5BE-1F60-4BBE-9308-F90FD1160812}.Debug|x86.ActiveCfg = Debug|Win32
		{A789C5BE-1F60-4BBE-9308-F90FD1160812}.Debug|x86.Build.0 = Debug|Win32
		{A789C5BE-1F60-4BBE-9308-F90FD1160812}.Release|x64.ActiveCfg = Release|x64
		{A789C5BE-1F60-4BBE-9308-F90FD1160812}.Release|x64.Build.0 = Release|x64
		{A789C5BE-1F60-4BBE-9308-F90FD1160812}.Release|x86.ActiveCfg = Release|Win32
		{A789C5BE-1F60-4BBE-9308-F90FD1160812}.Release|x86.Build.0 = Release|Win32
		{CC79DFA7-54D8-4EF6-AA5F-8CE86674EAA5}.Debug|x64.ActiveCfg = Debug|x64
		{CC79DFA7-54D8-4EF6-AA5F-8CE86674EAA5}.Debug|x64.Build.0 = Debug|x64
		{CC79DFA7-54D8-4EF6-AA5F-8CE86674EAA5}.Debug|x86.ActiveCfg = Debug|Win32
		{CC79DFA7-54D8-4EF6-AA5F-8CE86674EAA5}.Debug|x86.Build.0 = Debug|Win32
		{CC79DFA7-54D8-4EF6-AA5F-8CE86674EAA5}.Release|x64.ActiveCfg = Release|x64
		{CC79DFA7-54D8-4EF6-AA5F-8CE86674EAA5}.Release|x64.Build.0 = Release|x64
		{CC79DFA7-54D8-4EF6-AA5F-8CE86674EAA5}.Release|x86.ActiveCfg = Release|Win32
		{CC79DFA7-54D8-4EF6-AA5F-8CE86674EAA5}.Release|x86.Build.0 = Release|Win32
	EndGlobalSection
	GlobalSection(SolutionProperties) = preSolution
		HideSolutionNode = FALSE
	EndGlobalSection
	GlobalSection(NestedProjects) = preSolution
		{AFD8EB0A-E047-4663-BC34-C49149EF3CE6} = {04CB5824-3883-4033-86AC-354E0DE741A9}
		{5A979E7C-2FDE-4417-B028-49131FB3735D} = {1F6D3D2B-5F95-485B-AE8D-2232FE564E24}
		{76B8BFD7-8B86-446F-9572-536A6BCA9A99} = {04CB5824-3883-4033-86AC-354E0DE741A9}
		{A789C5BE-1F60-4BBE-9308-F90FD1160812} = {1F6D3D2B-5F95-485B-AE8D-2232FE564E24}
		{CC79DFA7-54D8-4EF6-AA5F-8CE86674EAA5} = {1F6D3D2B-5F95-485B-AE8D-2232FE564E24}
	EndGlobalSection
	GlobalSection(ExtensibilityGlobals) = postSolution
		SolutionGuid = {A2E670AE-D608-40D8-8DB2-AA01E59185A2}
	EndGlobalSection
EndGlobal
